// !$*UTF8*$!
{
	archiveVersion = 1;
	classes = {
	};
	objectVersion = 51;
	objects = {

/* Begin PBXBuildFile section */
		36386B420A47092CAFE1E902 /* Pods_tabBar_App.framework in Frameworks */ = {isa = PBXBuildFile; fileRef = 594B826C9810E498B6E17866 /* Pods_tabBar_App.framework */; };
		8A29826122F4A7BB00F1D9B8 /* sss.mp3 in Resources */ = {isa = PBXBuildFile; fileRef = 8A29826022F4A7BB00F1D9B8 /* sss.mp3 */; };
		8A3EDE6C22F9465A004595D2 /* logo.png in Resources */ = {isa = PBXBuildFile; fileRef = 8A3EDE6B22F9465A004595D2 /* logo.png */; };
		8A3EDE6E22F946E3004595D2 /* firebase.png in Resources */ = {isa = PBXBuildFile; fileRef = 8A3EDE6D22F946E3004595D2 /* firebase.png */; };
		8A4BF5CF22F138B800E804A1 /* AppDelegate.swift in Sources */ = {isa = PBXBuildFile; fileRef = 8A4BF5CE22F138B800E804A1 /* AppDelegate.swift */; };
		8A4BF5D122F138B800E804A1 /* ViewController.swift in Sources */ = {isa = PBXBuildFile; fileRef = 8A4BF5D022F138B800E804A1 /* ViewController.swift */; };
		8A4BF5D422F138B800E804A1 /* Main.storyboard in Resources */ = {isa = PBXBuildFile; fileRef = 8A4BF5D222F138B800E804A1 /* Main.storyboard */; };
		8A4BF5D722F138B800E804A1 /* tabBar_App.xcdatamodeld in Sources */ = {isa = PBXBuildFile; fileRef = 8A4BF5D522F138B800E804A1 /* tabBar_App.xcdatamodeld */; };
		8A4BF5D922F138BB00E804A1 /* Assets.xcassets in Resources */ = {isa = PBXBuildFile; fileRef = 8A4BF5D822F138BB00E804A1 /* Assets.xcassets */; };
		8A4BF5DC22F138BB00E804A1 /* LaunchScreen.storyboard in Resources */ = {isa = PBXBuildFile; fileRef = 8A4BF5DA22F138BB00E804A1 /* LaunchScreen.storyboard */; };
		8A4BF5E722F138BB00E804A1 /* tabBar_AppTests.swift in Sources */ = {isa = PBXBuildFile; fileRef = 8A4BF5E622F138BB00E804A1 /* tabBar_AppTests.swift */; };
		8A4BF5F222F138BB00E804A1 /* tabBar_AppUITests.swift in Sources */ = {isa = PBXBuildFile; fileRef = 8A4BF5F122F138BB00E804A1 /* tabBar_AppUITests.swift */; };
		8AA0B2EC22F4972E004E5E4C /* GradientView.swift in Sources */ = {isa = PBXBuildFile; fileRef = 8AA0B2EB22F4972E004E5E4C /* GradientView.swift */; };
		8AA0B2EE22F49772004E5E4C /* A.swift in Sources */ = {isa = PBXBuildFile; fileRef = 8AA0B2ED22F49772004E5E4C /* A.swift */; };
		8ABD4F9F22F9A09A00C99FF4 /* login.swift in Sources */ = {isa = PBXBuildFile; fileRef = 8ABD4F9E22F9A09A00C99FF4 /* login.swift */; };
		8AE8131722F894BE003766D4 /* currencyConverter.swift in Sources */ = {isa = PBXBuildFile; fileRef = 8AE8131622F894BE003766D4 /* currencyConverter.swift */; };
		8AE94F7922F4A02A00314FEF /* AVFoundation.framework in Frameworks */ = {isa = PBXBuildFile; fileRef = 8AE94F7822F4A02A00314FEF /* AVFoundation.framework */; };
		8AE9BCAF22F6C1360077B816 /* mapClass.swift in Sources */ = {isa = PBXBuildFile; fileRef = 8AE9BCAE22F6C1360077B816 /* mapClass.swift */; };
		8AEA2A1F22F93B0C000D0ED5 /* GoogleService-Info.plist in Resources */ = {isa = PBXBuildFile; fileRef = 8AEA2A1E22F93B0C000D0ED5 /* GoogleService-Info.plist */; };
		8AEC39BF22F6F4C200B2DF74 /* webView.swift in Sources */ = {isa = PBXBuildFile; fileRef = 8AEC39BE22F6F4C200B2DF74 /* webView.swift */; };
		8AEC7C8C22F598A600AB2BB7 /* videoClass.swift in Sources */ = {isa = PBXBuildFile; fileRef = 8AEC7C8B22F598A600AB2BB7 /* videoClass.swift */; };
		8AEC7C8E22F599C300AB2BB7 /* customBtn.swift in Sources */ = {isa = PBXBuildFile; fileRef = 8AEC7C8D22F599C300AB2BB7 /* customBtn.swift */; };
		8AEC7C9122F5A36800AB2BB7 /* sss.mov in Resources */ = {isa = PBXBuildFile; fileRef = 8AEC7C9022F5A36800AB2BB7 /* sss.mov */; };
		8AEC7D0922F5DFD600AB2BB7 /* xxx.jpg in Resources */ = {isa = PBXBuildFile; fileRef = 8AEC7D0822F5DFD600AB2BB7 /* xxx.jpg */; };
		8AECB37822F60BE8005A33F7 /* imagee.swift in Sources */ = {isa = PBXBuildFile; fileRef = 8AECB37722F60BE8005A33F7 /* imagee.swift */; };
/* End PBXBuildFile section */

/* Begin PBXContainerItemProxy section */
		8A4BF5E322F138BB00E804A1 /* PBXContainerItemProxy */ = {
			isa = PBXContainerItemProxy;
			containerPortal = 8A4BF5C322F138B800E804A1 /* Project object */;
			proxyType = 1;
			remoteGlobalIDString = 8A4BF5CA22F138B800E804A1;
			remoteInfo = "tabBar App";
		};
		8A4BF5EE22F138BB00E804A1 /* PBXContainerItemProxy */ = {
			isa = PBXContainerItemProxy;
			containerPortal = 8A4BF5C322F138B800E804A1 /* Project object */;
			proxyType = 1;
			remoteGlobalIDString = 8A4BF5CA22F138B800E804A1;
			remoteInfo = "tabBar App";
		};
/* End PBXContainerItemProxy section */

/* Begin PBXFileReference section */
		1281BF8633B3C3A32519067E /* Pods-tabBar App.release.xcconfig */ = {isa = PBXFileReference; includeInIndex = 1; lastKnownFileType = text.xcconfig; name = "Pods-tabBar App.release.xcconfig"; path = "Target Support Files/Pods-tabBar App/Pods-tabBar App.release.xcconfig"; sourceTree = "<group>"; };
		594B826C9810E498B6E17866 /* Pods_tabBar_App.framework */ = {isa = PBXFileReference; explicitFileType = wrapper.framework; includeInIndex = 0; path = Pods_tabBar_App.framework; sourceTree = BUILT_PRODUCTS_DIR; };
		77BC7B07B5C20E4D11EE1F1D /* Pods-tabBar App.debug.xcconfig */ = {isa = PBXFileReference; includeInIndex = 1; lastKnownFileType = text.xcconfig; name = "Pods-tabBar App.debug.xcconfig"; path = "Target Support Files/Pods-tabBar App/Pods-tabBar App.debug.xcconfig"; sourceTree = "<group>"; };
		8A29826022F4A7BB00F1D9B8 /* sss.mp3 */ = {isa = PBXFileReference; lastKnownFileType = audio.mp3; path = sss.mp3; sourceTree = "<group>"; };
		8A3EDE6B22F9465A004595D2 /* logo.png */ = {isa = PBXFileReference; lastKnownFileType = image.png; path = logo.png; sourceTree = "<group>"; };
		8A3EDE6D22F946E3004595D2 /* firebase.png */ = {isa = PBXFileReference; lastKnownFileType = image.png; path = firebase.png; sourceTree = "<group>"; };
		8A4BF5CB22F138B800E804A1 /* tabBar App.app */ = {isa = PBXFileReference; explicitFileType = wrapper.application; includeInIndex = 0; path = "tabBar App.app"; sourceTree = BUILT_PRODUCTS_DIR; };
		8A4BF5CE22F138B800E804A1 /* AppDelegate.swift */ = {isa = PBXFileReference; lastKnownFileType = sourcecode.swift; path = AppDelegate.swift; sourceTree = "<group>"; };
		8A4BF5D022F138B800E804A1 /* ViewController.swift */ = {isa = PBXFileReference; lastKnownFileType = sourcecode.swift; path = ViewController.swift; sourceTree = "<group>"; };
		8A4BF5D322F138B800E804A1 /* Base */ = {isa = PBXFileReference; lastKnownFileType = file.storyboard; name = Base; path = Base.lproj/Main.storyboard; sourceTree = "<group>"; };
		8A4BF5D622F138B800E804A1 /* tabBar_App.xcdatamodel */ = {isa = PBXFileReference; lastKnownFileType = wrapper.xcdatamodel; path = tabBar_App.xcdatamodel; sourceTree = "<group>"; };
		8A4BF5D822F138BB00E804A1 /* Assets.xcassets */ = {isa = PBXFileReference; lastKnownFileType = folder.assetcatalog; path = Assets.xcassets; sourceTree = "<group>"; };
		8A4BF5DB22F138BB00E804A1 /* Base */ = {isa = PBXFileReference; lastKnownFileType = file.storyboard; name = Base; path = Base.lproj/LaunchScreen.storyboard; sourceTree = "<group>"; };
		8A4BF5DD22F138BB00E804A1 /* Info.plist */ = {isa = PBXFileReference; lastKnownFileType = text.plist.xml; path = Info.plist; sourceTree = "<group>"; };
		8A4BF5E222F138BB00E804A1 /* tabBar AppTests.xctest */ = {isa = PBXFileReference; explicitFileType = wrapper.cfbundle; includeInIndex = 0; path = "tabBar AppTests.xctest"; sourceTree = BUILT_PRODUCTS_DIR; };
		8A4BF5E622F138BB00E804A1 /* tabBar_AppTests.swift */ = {isa = PBXFileReference; lastKnownFileType = sourcecode.swift; path = tabBar_AppTests.swift; sourceTree = "<group>"; };
		8A4BF5E822F138BB00E804A1 /* Info.plist */ = {isa = PBXFileReference; lastKnownFileType = text.plist.xml; path = Info.plist; sourceTree = "<group>"; };
		8A4BF5ED22F138BB00E804A1 /* tabBar AppUITests.xctest */ = {isa = PBXFileReference; explicitFileType = wrapper.cfbundle; includeInIndex = 0; path = "tabBar AppUITests.xctest"; sourceTree = BUILT_PRODUCTS_DIR; };
		8A4BF5F122F138BB00E804A1 /* tabBar_AppUITests.swift */ = {isa = PBXFileReference; lastKnownFileType = sourcecode.swift; path = tabBar_AppUITests.swift; sourceTree = "<group>"; };
		8A4BF5F322F138BB00E804A1 /* Info.plist */ = {isa = PBXFileReference; lastKnownFileType = text.plist.xml; path = Info.plist; sourceTree = "<group>"; };
		8AA0B2EB22F4972E004E5E4C /* GradientView.swift */ = {isa = PBXFileReference; lastKnownFileType = sourcecode.swift; path = GradientView.swift; sourceTree = "<group>"; };
		8AA0B2ED22F49772004E5E4C /* A.swift */ = {isa = PBXFileReference; lastKnownFileType = sourcecode.swift; path = A.swift; sourceTree = "<group>"; };
		8ABD4F9E22F9A09A00C99FF4 /* login.swift */ = {isa = PBXFileReference; lastKnownFileType = sourcecode.swift; path = login.swift; sourceTree = "<group>"; };
		8AE8131622F894BE003766D4 /* currencyConverter.swift */ = {isa = PBXFileReference; lastKnownFileType = sourcecode.swift; path = currencyConverter.swift; sourceTree = "<group>"; };
		8AE94F7822F4A02A00314FEF /* AVFoundation.framework */ = {isa = PBXFileReference; lastKnownFileType = wrapper.framework; name = AVFoundation.framework; path = System/Library/Frameworks/AVFoundation.framework; sourceTree = SDKROOT; };
		8AE9BCAE22F6C1360077B816 /* mapClass.swift */ = {isa = PBXFileReference; lastKnownFileType = sourcecode.swift; path = mapClass.swift; sourceTree = "<group>"; };
		8AEA2A1E22F93B0C000D0ED5 /* GoogleService-Info.plist */ = {isa = PBXFileReference; fileEncoding = 4; lastKnownFileType = text.plist.xml; path = "GoogleService-Info.plist"; sourceTree = "<group>"; };
		8AEC39BE22F6F4C200B2DF74 /* webView.swift */ = {isa = PBXFileReference; lastKnownFileType = sourcecode.swift; path = webView.swift; sourceTree = "<group>"; };
		8AEC7C8B22F598A600AB2BB7 /* videoClass.swift */ = {isa = PBXFileReference; lastKnownFileType = sourcecode.swift; path = videoClass.swift; sourceTree = "<group>"; };
		8AEC7C8D22F599C300AB2BB7 /* customBtn.swift */ = {isa = PBXFileReference; lastKnownFileType = sourcecode.swift; path = customBtn.swift; sourceTree = "<group>"; };
		8AEC7C9022F5A36800AB2BB7 /* sss.mov */ = {isa = PBXFileReference; lastKnownFileType = video.quicktime; path = sss.mov; sourceTree = "<group>"; };
		8AEC7D0822F5DFD600AB2BB7 /* xxx.jpg */ = {isa = PBXFileReference; lastKnownFileType = image.jpeg; path = xxx.jpg; sourceTree = "<group>"; };
		8AECB37722F60BE8005A33F7 /* imagee.swift */ = {isa = PBXFileReference; lastKnownFileType = sourcecode.swift; path = imagee.swift; sourceTree = "<group>"; };
/* End PBXFileReference section */

/* Begin PBXFrameworksBuildPhase section */
		8A4BF5C822F138B800E804A1 /* Frameworks */ = {
			isa = PBXFrameworksBuildPhase;
			buildActionMask = 2147483647;
			files = (
				8AE94F7922F4A02A00314FEF /* AVFoundation.framework in Frameworks */,
				36386B420A47092CAFE1E902 /* Pods_tabBar_App.framework in Frameworks */,
			);
			runOnlyForDeploymentPostprocessing = 0;
		};
		8A4BF5DF22F138BB00E804A1 /* Frameworks */ = {
			isa = PBXFrameworksBuildPhase;
			buildActionMask = 2147483647;
			files = (
			);
			runOnlyForDeploymentPostprocessing = 0;
		};
		8A4BF5EA22F138BB00E804A1 /* Frameworks */ = {
			isa = PBXFrameworksBuildPhase;
			buildActionMask = 2147483647;
			files = (
			);
			runOnlyForDeploymentPostprocessing = 0;
		};
/* End PBXFrameworksBuildPhase section */

/* Begin PBXGroup section */
		4CD0523C93108758B810D975 /* Pods */ = {
			isa = PBXGroup;
			children = (
				77BC7B07B5C20E4D11EE1F1D /* Pods-tabBar App.debug.xcconfig */,
				1281BF8633B3C3A32519067E /* Pods-tabBar App.release.xcconfig */,
			);
			path = Pods;
			sourceTree = "<group>";
		};
		8A4BF5C222F138B800E804A1 = {
			isa = PBXGroup;
			children = (
				8ABD4F9E22F9A09A00C99FF4 /* login.swift */,
				8AE8131622F894BE003766D4 /* currencyConverter.swift */,
				8AEC39BE22F6F4C200B2DF74 /* webView.swift */,
				8AE9BCAE22F6C1360077B816 /* mapClass.swift */,
				8AECB37722F60BE8005A33F7 /* imagee.swift */,
				8AEC7C8D22F599C300AB2BB7 /* customBtn.swift */,
				8AEC7C8B22F598A600AB2BB7 /* videoClass.swift */,
				8AA0B2ED22F49772004E5E4C /* A.swift */,
				8AA0B2EB22F4972E004E5E4C /* GradientView.swift */,
				8A4BF5CD22F138B800E804A1 /* tabBar App */,
				8A4BF5E522F138BB00E804A1 /* tabBar AppTests */,
				8A4BF5F022F138BB00E804A1 /* tabBar AppUITests */,
				8A4BF5CC22F138B800E804A1 /* Products */,
				8AE94F7722F4A02A00314FEF /* Frameworks */,
				4CD0523C93108758B810D975 /* Pods */,
			);
			sourceTree = "<group>";
		};
		8A4BF5CC22F138B800E804A1 /* Products */ = {
			isa = PBXGroup;
			children = (
				8A4BF5CB22F138B800E804A1 /* tabBar App.app */,
				8A4BF5E222F138BB00E804A1 /* tabBar AppTests.xctest */,
				8A4BF5ED22F138BB00E804A1 /* tabBar AppUITests.xctest */,
			);
			name = Products;
			sourceTree = "<group>";
		};
		8A4BF5CD22F138B800E804A1 /* tabBar App */ = {
			isa = PBXGroup;
			children = (
				8A4BF5CE22F138B800E804A1 /* AppDelegate.swift */,
				8A4BF5D022F138B800E804A1 /* ViewController.swift */,
				8A4BF5D222F138B800E804A1 /* Main.storyboard */,
				8A4BF5D822F138BB00E804A1 /* Assets.xcassets */,
				8A4BF5DA22F138BB00E804A1 /* LaunchScreen.storyboard */,
				8A4BF5DD22F138BB00E804A1 /* Info.plist */,
				8AEA2A1E22F93B0C000D0ED5 /* GoogleService-Info.plist */,
				8A4BF5D522F138B800E804A1 /* tabBar_App.xcdatamodeld */,
				8AEC7D0B22F5E6B200AB2BB7 /* media */,
				8AEC7D0A22F5DFE100AB2BB7 /* images */,
			);
			path = "tabBar App";
			sourceTree = "<group>";
		};
		8A4BF5E522F138BB00E804A1 /* tabBar AppTests */ = {
			isa = PBXGroup;
			children = (
				8A4BF5E622F138BB00E804A1 /* tabBar_AppTests.swift */,
				8A4BF5E822F138BB00E804A1 /* Info.plist */,
			);
			path = "tabBar AppTests";
			sourceTree = "<group>";
		};
		8A4BF5F022F138BB00E804A1 /* tabBar AppUITests */ = {
			isa = PBXGroup;
			children = (
				8A4BF5F122F138BB00E804A1 /* tabBar_AppUITests.swift */,
				8A4BF5F322F138BB00E804A1 /* Info.plist */,
			);
			path = "tabBar AppUITests";
			sourceTree = "<group>";
		};
		8AE94F7722F4A02A00314FEF /* Frameworks */ = {
			isa = PBXGroup;
			children = (
				8AE94F7822F4A02A00314FEF /* AVFoundation.framework */,
				594B826C9810E498B6E17866 /* Pods_tabBar_App.framework */,
			);
			name = Frameworks;
			sourceTree = "<group>";
		};
		8AEC7D0A22F5DFE100AB2BB7 /* images */ = {
			isa = PBXGroup;
			children = (
				8A3EDE6B22F9465A004595D2 /* logo.png */,
				8A3EDE6D22F946E3004595D2 /* firebase.png */,
				8AEC7D0822F5DFD600AB2BB7 /* xxx.jpg */,
			);
			path = images;
			sourceTree = "<group>";
		};
		8AEC7D0B22F5E6B200AB2BB7 /* media */ = {
			isa = PBXGroup;
			children = (
				8A29826022F4A7BB00F1D9B8 /* sss.mp3 */,
				8AEC7C9022F5A36800AB2BB7 /* sss.mov */,
			);
			path = media;
			sourceTree = "<group>";
		};
/* End PBXGroup section */

/* Begin PBXNativeTarget section */
		8A4BF5CA22F138B800E804A1 /* tabBar App */ = {
			isa = PBXNativeTarget;
			buildConfigurationList = 8A4BF5F622F138BB00E804A1 /* Build configuration list for PBXNativeTarget "tabBar App" */;
			buildPhases = (
				39CA9082DF076A68CD84A0DD /* [CP] Check Pods Manifest.lock */,
				8A4BF5C722F138B800E804A1 /* Sources */,
				8A4BF5C822F138B800E804A1 /* Frameworks */,
				8A4BF5C922F138B800E804A1 /* Resources */,
				DE26979B5F3697A41A4B6C14 /* [CP] Embed Pods Frameworks */,
			);
			buildRules = (
			);
			dependencies = (
			);
			name = "tabBar App";
			productName = "tabBar App";
			productReference = 8A4BF5CB22F138B800E804A1 /* tabBar App.app */;
			productType = "com.apple.product-type.application";
		};
		8A4BF5E122F138BB00E804A1 /* tabBar AppTests */ = {
			isa = PBXNativeTarget;
			buildConfigurationList = 8A4BF5F922F138BB00E804A1 /* Build configuration list for PBXNativeTarget "tabBar AppTests" */;
			buildPhases = (
				8A4BF5DE22F138BB00E804A1 /* Sources */,
				8A4BF5DF22F138BB00E804A1 /* Frameworks */,
				8A4BF5E022F138BB00E804A1 /* Resources */,
			);
			buildRules = (
			);
			dependencies = (
				8A4BF5E422F138BB00E804A1 /* PBXTargetDependency */,
			);
			name = "tabBar AppTests";
			productName = "tabBar AppTests";
			productReference = 8A4BF5E222F138BB00E804A1 /* tabBar AppTests.xctest */;
			productType = "com.apple.product-type.bundle.unit-test";
		};
		8A4BF5EC22F138BB00E804A1 /* tabBar AppUITests */ = {
			isa = PBXNativeTarget;
			buildConfigurationList = 8A4BF5FC22F138BB00E804A1 /* Build configuration list for PBXNativeTarget "tabBar AppUITests" */;
			buildPhases = (
				8A4BF5E922F138BB00E804A1 /* Sources */,
				8A4BF5EA22F138BB00E804A1 /* Frameworks */,
				8A4BF5EB22F138BB00E804A1 /* Resources */,
			);
			buildRules = (
			);
			dependencies = (
				8A4BF5EF22F138BB00E804A1 /* PBXTargetDependency */,
			);
			name = "tabBar AppUITests";
			productName = "tabBar AppUITests";
			productReference = 8A4BF5ED22F138BB00E804A1 /* tabBar AppUITests.xctest */;
			productType = "com.apple.product-type.bundle.ui-testing";
		};
/* End PBXNativeTarget section */

/* Begin PBXProject section */
		8A4BF5C322F138B800E804A1 /* Project object */ = {
			isa = PBXProject;
			attributes = {
				LastSwiftUpdateCheck = 1020;
				LastUpgradeCheck = 1020;
				ORGANIZATIONNAME = edu.data;
				TargetAttributes = {
					8A4BF5CA22F138B800E804A1 = {
						CreatedOnToolsVersion = 10.2.1;
					};
					8A4BF5E122F138BB00E804A1 = {
						CreatedOnToolsVersion = 10.2.1;
						TestTargetID = 8A4BF5CA22F138B800E804A1;
					};
					8A4BF5EC22F138BB00E804A1 = {
						CreatedOnToolsVersion = 10.2.1;
						TestTargetID = 8A4BF5CA22F138B800E804A1;
					};
				};
			};
			buildConfigurationList = 8A4BF5C622F138B800E804A1 /* Build configuration list for PBXProject "tabBar App" */;
			compatibilityVersion = "Xcode 9.3";
			developmentRegion = en;
			hasScannedForEncodings = 0;
			knownRegions = (
				en,
				Base,
			);
			mainGroup = 8A4BF5C222F138B800E804A1;
			productRefGroup = 8A4BF5CC22F138B800E804A1 /* Products */;
			projectDirPath = "";
			projectRoot = "";
			targets = (
				8A4BF5CA22F138B800E804A1 /* tabBar App */,
				8A4BF5E122F138BB00E804A1 /* tabBar AppTests */,
				8A4BF5EC22F138BB00E804A1 /* tabBar AppUITests */,
			);
		};
/* End PBXProject section */

/* Begin PBXResourcesBuildPhase section */
		8A4BF5C922F138B800E804A1 /* Resources */ = {
			isa = PBXResourcesBuildPhase;
			buildActionMask = 2147483647;
			files = (
				8AEC7D0922F5DFD600AB2BB7 /* xxx.jpg in Resources */,
				8A29826122F4A7BB00F1D9B8 /* sss.mp3 in Resources */,
				8AEC7C9122F5A36800AB2BB7 /* sss.mov in Resources */,
				8A4BF5DC22F138BB00E804A1 /* LaunchScreen.storyboard in Resources */,
				8A3EDE6E22F946E3004595D2 /* firebase.png in Resources */,
				8A3EDE6C22F9465A004595D2 /* logo.png in Resources */,
				8A4BF5D922F138BB00E804A1 /* Assets.xcassets in Resources */,
				8A4BF5D422F138B800E804A1 /* Main.storyboard in Resources */,
				8AEA2A1F22F93B0C000D0ED5 /* GoogleService-Info.plist in Resources */,
			);
			runOnlyForDeploymentPostprocessing = 0;
		};
		8A4BF5E022F138BB00E804A1 /* Resources */ = {
			isa = PBXResourcesBuildPhase;
			buildActionMask = 2147483647;
			files = (
			);
			runOnlyForDeploymentPostprocessing = 0;
		};
		8A4BF5EB22F138BB00E804A1 /* Resources */ = {
			isa = PBXResourcesBuildPhase;
			buildActionMask = 2147483647;
			files = (
			);
			runOnlyForDeploymentPostprocessing = 0;
		};
/* End PBXResourcesBuildPhase section */

/* Begin PBXShellScriptBuildPhase section */
		39CA9082DF076A68CD84A0DD /* [CP] Check Pods Manifest.lock */ = {
			isa = PBXShellScriptBuildPhase;
			buildActionMask = 2147483647;
			files = (
			);
			inputFileListPaths = (
			);
			inputPaths = (
				"${PODS_PODFILE_DIR_PATH}/Podfile.lock",
				"${PODS_ROOT}/Manifest.lock",
			);
			name = "[CP] Check Pods Manifest.lock";
			outputFileListPaths = (
			);
			outputPaths = (
				"$(DERIVED_FILE_DIR)/Pods-tabBar App-checkManifestLockResult.txt",
			);
			runOnlyForDeploymentPostprocessing = 0;
			shellPath = /bin/sh;
			shellScript = "diff \"${PODS_PODFILE_DIR_PATH}/Podfile.lock\" \"${PODS_ROOT}/Manifest.lock\" > /dev/null\nif [ $? != 0 ] ; then\n    # print error to STDERR\n    echo \"error: The sandbox is not in sync with the Podfile.lock. Run 'pod install' or update your CocoaPods installation.\" >&2\n    exit 1\nfi\n# This output is used by Xcode 'outputs' to avoid re-running this script phase.\necho \"SUCCESS\" > \"${SCRIPT_OUTPUT_FILE_0}\"\n";
			showEnvVarsInLog = 0;
		};
		DE26979B5F3697A41A4B6C14 /* [CP] Embed Pods Frameworks */ = {
			isa = PBXShellScriptBuildPhase;
			buildActionMask = 2147483647;
			files = (
			);
			inputFileListPaths = (
				"${PODS_ROOT}/Target Support Files/Pods-tabBar App/Pods-tabBar App-frameworks-${CONFIGURATION}-input-files.xcfilelist",
			);
			name = "[CP] Embed Pods Frameworks";
			outputFileListPaths = (
				"${PODS_ROOT}/Target Support Files/Pods-tabBar App/Pods-tabBar App-frameworks-${CONFIGURATION}-output-files.xcfilelist",
			);
			runOnlyForDeploymentPostprocessing = 0;
			shellPath = /bin/sh;
			shellScript = "\"${PODS_ROOT}/Target Support Files/Pods-tabBar App/Pods-tabBar App-frameworks.sh\"\n";
			showEnvVarsInLog = 0;
		};
/* End PBXShellScriptBuildPhase section */

/* Begin PBXSourcesBuildPhase section */
		8A4BF5C722F138B800E804A1 /* Sources */ = {
			isa = PBXSourcesBuildPhase;
			buildActionMask = 2147483647;
			files = (
				8A4BF5D122F138B800E804A1 /* ViewController.swift in Sources */,
				8AA0B2EE22F49772004E5E4C /* A.swift in Sources */,
				8AEC7C8C22F598A600AB2BB7 /* videoClass.swift in Sources */,
				8AE8131722F894BE003766D4 /* currencyConverter.swift in Sources */,
				8A4BF5CF22F138B800E804A1 /* AppDelegate.swift in Sources */,
				8AEC7C8E22F599C300AB2BB7 /* customBtn.swift in Sources */,
				8AA0B2EC22F4972E004E5E4C /* GradientView.swift in Sources */,
				8ABD4F9F22F9A09A00C99FF4 /* login.swift in Sources */,
				8A4BF5D722F138B800E804A1 /* tabBar_App.xcdatamodeld in Sources */,
				8AEC39BF22F6F4C200B2DF74 /* webView.swift in Sources */,
				8AECB37822F60BE8005A33F7 /* imagee.swift in Sources */,
				8AE9BCAF22F6C1360077B816 /* mapClass.swift in Sources */,
			);
			runOnlyForDeploymentPostprocessing = 0;
		};
		8A4BF5DE22F138BB00E804A1 /* Sources */ = {
			isa = PBXSourcesBuildPhase;
			buildActionMask = 2147483647;
			files = (
				8A4BF5E722F138BB00E804A1 /* tabBar_AppTests.swift in Sources */,
			);
			runOnlyForDeploymentPostprocessing = 0;
		};
		8A4BF5E922F138BB00E804A1 /* Sources */ = {
			isa = PBXSourcesBuildPhase;
			buildActionMask = 2147483647;
			files = (
				8A4BF5F222F138BB00E804A1 /* tabBar_AppUITests.swift in Sources */,
			);
			runOnlyForDeploymentPostprocessing = 0;
		};
/* End PBXSourcesBuildPhase section */

/* Begin PBXTargetDependency section */
		8A4BF5E422F138BB00E804A1 /* PBXTargetDependency */ = {
			isa = PBXTargetDependency;
			target = 8A4BF5CA22F138B800E804A1 /* tabBar App */;
			targetProxy = 8A4BF5E322F138BB00E804A1 /* PBXContainerItemProxy */;
		};
		8A4BF5EF22F138BB00E804A1 /* PBXTargetDependency */ = {
			isa = PBXTargetDependency;
			target = 8A4BF5CA22F138B800E804A1 /* tabBar App */;
			targetProxy = 8A4BF5EE22F138BB00E804A1 /* PBXContainerItemProxy */;
		};
/* End PBXTargetDependency section */

/* Begin PBXVariantGroup section */
		8A4BF5D222F138B800E804A1 /* Main.storyboard */ = {
			isa = PBXVariantGroup;
			children = (
				8A4BF5D322F138B800E804A1 /* Base */,
			);
			name = Main.storyboard;
			sourceTree = "<group>";
		};
		8A4BF5DA22F138BB00E804A1 /* LaunchScreen.storyboard */ = {
			isa = PBXVariantGroup;
			children = (
				8A4BF5DB22F138BB00E804A1 /* Base */,
			);
			name = LaunchScreen.storyboard;
			sourceTree = "<group>";
		};
/* End PBXVariantGroup section */

/* Begin XCBuildConfiguration section */
		8A4BF5F422F138BB00E804A1 /* Debug */ = {
			isa = XCBuildConfiguration;
			buildSettings = {
				ALWAYS_SEARCH_USER_PATHS = NO;
				CLANG_ANALYZER_NONNULL = YES;
				CLANG_ANALYZER_NUMBER_OBJECT_CONVERSION = YES_AGGRESSIVE;
				CLANG_CXX_LANGUAGE_STANDARD = "gnu++14";
				CLANG_CXX_LIBRARY = "libc++";
				CLANG_ENABLE_MODULES = YES;
				CLANG_ENABLE_OBJC_ARC = YES;
				CLANG_ENABLE_OBJC_WEAK = YES;
				CLANG_WARN_BLOCK_CAPTURE_AUTORELEASING = YES;
				CLANG_WARN_BOOL_CONVERSION = YES;
				CLANG_WARN_COMMA = YES;
				CLANG_WARN_CONSTANT_CONVERSION = YES;
				CLANG_WARN_DEPRECATED_OBJC_IMPLEMENTATIONS = YES;
				CLANG_WARN_DIRECT_OBJC_ISA_USAGE = YES_ERROR;
				CLANG_WARN_DOCUMENTATION_COMMENTS = YES;
				CLANG_WARN_EMPTY_BODY = YES;
				CLANG_WARN_ENUM_CONVERSION = YES;
				CLANG_WARN_INFINITE_RECURSION = YES;
				CLANG_WARN_INT_CONVERSION = YES;
				CLANG_WARN_NON_LITERAL_NULL_CONVERSION = YES;
				CLANG_WARN_OBJC_IMPLICIT_RETAIN_SELF = YES;
				CLANG_WARN_OBJC_LITERAL_CONVERSION = YES;
				CLANG_WARN_OBJC_ROOT_CLASS = YES_ERROR;
				CLANG_WARN_RANGE_LOOP_ANALYSIS = YES;
				CLANG_WARN_STRICT_PROTOTYPES = YES;
				CLANG_WARN_SUSPICIOUS_MOVE = YES;
				CLANG_WARN_UNGUARDED_AVAILABILITY = YES_AGGRESSIVE;
				CLANG_WARN_UNREACHABLE_CODE = YES;
				CLANG_WARN__DUPLICATE_METHOD_MATCH = YES;
				CODE_SIGN_IDENTITY = "iPhone Developer";
				COPY_PHASE_STRIP = NO;
				DEBUG_INFORMATION_FORMAT = dwarf;
				ENABLE_STRICT_OBJC_MSGSEND = YES;
				ENABLE_TESTABILITY = YES;
				GCC_C_LANGUAGE_STANDARD = gnu11;
				GCC_DYNAMIC_NO_PIC = NO;
				GCC_NO_COMMON_BLOCKS = YES;
				GCC_OPTIMIZATION_LEVEL = 0;
				GCC_PREPROCESSOR_DEFINITIONS = (
					"DEBUG=1",
					"$(inherited)",
				);
				GCC_WARN_64_TO_32_BIT_CONVERSION = YES;
				GCC_WARN_ABOUT_RETURN_TYPE = YES_ERROR;
				GCC_WARN_UNDECLARED_SELECTOR = YES;
				GCC_WARN_UNINITIALIZED_AUTOS = YES_AGGRESSIVE;
				GCC_WARN_UNUSED_FUNCTION = YES;
				GCC_WARN_UNUSED_VARIABLE = YES;
				IPHONEOS_DEPLOYMENT_TARGET = 12.2;
				MTL_ENABLE_DEBUG_INFO = INCLUDE_SOURCE;
				MTL_FAST_MATH = YES;
				ONLY_ACTIVE_ARCH = YES;
				SDKROOT = iphoneos;
				SWIFT_ACTIVE_COMPILATION_CONDITIONS = DEBUG;
				SWIFT_OPTIMIZATION_LEVEL = "-Onone";
			};
			name = Debug;
		};
		8A4BF5F522F138BB00E804A1 /* Release */ = {
			isa = XCBuildConfiguration;
			buildSettings = {
				ALWAYS_SEARCH_USER_PATHS = NO;
				CLANG_ANALYZER_NONNULL = YES;
				CLANG_ANALYZER_NUMBER_OBJECT_CONVERSION = YES_AGGRESSIVE;
				CLANG_CXX_LANGUAGE_STANDARD = "gnu++14";
				CLANG_CXX_LIBRARY = "libc++";
				CLANG_ENABLE_MODULES = YES;
				CLANG_ENABLE_OBJC_ARC = YES;
				CLANG_ENABLE_OBJC_WEAK = YES;
				CLANG_WARN_BLOCK_CAPTURE_AUTORELEASING = YES;
				CLANG_WARN_BOOL_CONVERSION = YES;
				CLANG_WARN_COMMA = YES;
				CLANG_WARN_CONSTANT_CONVERSION = YES;
				CLANG_WARN_DEPRECATED_OBJC_IMPLEMENTATIONS = YES;
				CLANG_WARN_DIRECT_OBJC_ISA_USAGE = YES_ERROR;
				CLANG_WARN_DOCUMENTATION_COMMENTS = YES;
				CLANG_WARN_EMPTY_BODY = YES;
				CLANG_WARN_ENUM_CONVERSION = YES;
				CLANG_WARN_INFINITE_RECURSION = YES;
				CLANG_WARN_INT_CONVERSION = YES;
				CLANG_WARN_NON_LITERAL_NULL_CONVERSION = YES;
				CLANG_WARN_OBJC_IMPLICIT_RETAIN_SELF = YES;
				CLANG_WARN_OBJC_LITERAL_CONVERSION = YES;
				CLANG_WARN_OBJC_ROOT_CLASS = YES_ERROR;
				CLANG_WARN_RANGE_LOOP_ANALYSIS = YES;
				CLANG_WARN_STRICT_PROTOTYPES = YES;
				CLANG_WARN_SUSPICIOUS_MOVE = YES;
				CLANG_WARN_UNGUARDED_AVAILABILITY = YES_AGGRESSIVE;
				CLANG_WARN_UNREACHABLE_CODE = YES;
				CLANG_WARN__DUPLICATE_METHOD_MATCH = YES;
				CODE_SIGN_IDENTITY = "iPhone Developer";
				COPY_PHASE_STRIP = NO;
				DEBUG_INFORMATION_FORMAT = "dwarf-with-dsym";
				ENABLE_NS_ASSERTIONS = NO;
				ENABLE_STRICT_OBJC_MSGSEND = YES;
				GCC_C_LANGUAGE_STANDARD = gnu11;
				GCC_NO_COMMON_BLOCKS = YES;
				GCC_WARN_64_TO_32_BIT_CONVERSION = YES;
				GCC_WARN_ABOUT_RETURN_TYPE = YES_ERROR;
				GCC_WARN_UNDECLARED_SELECTOR = YES;
				GCC_WARN_UNINITIALIZED_AUTOS = YES_AGGRESSIVE;
				GCC_WARN_UNUSED_FUNCTION = YES;
				GCC_WARN_UNUSED_VARIABLE = YES;
				IPHONEOS_DEPLOYMENT_TARGET = 12.2;
				MTL_ENABLE_DEBUG_INFO = NO;
				MTL_FAST_MATH = YES;
				SDKROOT = iphoneos;
				SWIFT_COMPILATION_MODE = wholemodule;
				SWIFT_OPTIMIZATION_LEVEL = "-O";
				VALIDATE_PRODUCT = YES;
			};
			name = Release;
		};
		8A4BF5F722F138BB00E804A1 /* Debug */ = {
			isa = XCBuildConfiguration;
			baseConfigurationReference = 77BC7B07B5C20E4D11EE1F1D /* Pods-tabBar App.debug.xcconfig */;
			buildSettings = {
				ASSETCATALOG_COMPILER_APPICON_NAME = AppIcon;
				CODE_SIGN_STYLE = Automatic;
				INFOPLIST_FILE = "tabBar App/Info.plist";
				IPHONEOS_DEPLOYMENT_TARGET = 12.0;
				LD_RUNPATH_SEARCH_PATHS = (
					"$(inherited)",
					"@executable_path/Frameworks",
				);
				PRODUCT_BUNDLE_IDENTIFIER = "FCI.tabBar-App";
				PRODUCT_NAME = "$(TARGET_NAME)";
				SWIFT_VERSION = 5.0;
				TARGETED_DEVICE_FAMILY = "1,2";
			};
			name = Debug;
		};
		8A4BF5F822F138BB00E804A1 /* Release */ = {
			isa = XCBuildConfiguration;
			baseConfigurationReference = 1281BF8633B3C3A32519067E /* Pods-tabBar App.release.xcconfig */;
			buildSettings = {
				ASSETCATALOG_COMPILER_APPICON_NAME = AppIcon;
				CODE_SIGN_STYLE = Automatic;
				INFOPLIST_FILE = "tabBar App/Info.plist";
				IPHONEOS_DEPLOYMENT_TARGET = 12.0;
				LD_RUNPATH_SEARCH_PATHS = (
					"$(inherited)",
					"@executable_path/Frameworks",
				);
				PRODUCT_BUNDLE_IDENTIFIER = "FCI.tabBar-App";
				PRODUCT_NAME = "$(TARGET_NAME)";
				SWIFT_VERSION = 5.0;
				TARGETED_DEVICE_FAMILY = "1,2";
			};
			name = Release;
		};
		8A4BF5FA22F138BB00E804A1 /* Debug */ = {
			isa = XCBuildConfiguration;
			buildSettings = {
				ALWAYS_EMBED_SWIFT_STANDARD_LIBRARIES = YES;
				BUNDLE_LOADER = "$(TEST_HOST)";
				CODE_SIGN_STYLE = Automatic;
				INFOPLIST_FILE = "tabBar AppTests/Info.plist";
				LD_RUNPATH_SEARCH_PATHS = (
					"$(inherited)",
					"@executable_path/Frameworks",
					"@loader_path/Frameworks",
				);
				PRODUCT_BUNDLE_IDENTIFIER = "FCI.tabBar-AppTests";
				PRODUCT_NAME = "$(TARGET_NAME)";
				SWIFT_VERSION = 5.0;
				TARGETED_DEVICE_FAMILY = "1,2";
				TEST_HOST = "$(BUILT_PRODUCTS_DIR)/tabBar App.app/tabBar App";
			};
			name = Debug;
		};
		8A4BF5FB22F138BB00E804A1 /* Release */ = {
			isa = XCBuildConfiguration;
			buildSettings = {
				ALWAYS_EMBED_SWIFT_STANDARD_LIBRARIES = YES;
				BUNDLE_LOADER = "$(TEST_HOST)";
				CODE_SIGN_STYLE = Automatic;
				INFOPLIST_FILE = "tabBar AppTests/Info.plist";
				LD_RUNPATH_SEARCH_PATHS = (
					"$(inherited)",
					"@executable_path/Frameworks",
					"@loader_path/Frameworks",
				);
				PRODUCT_BUNDLE_IDENTIFIER = "FCI.tabBar-AppTests";
				PRODUCT_NAME = "$(TARGET_NAME)";
				SWIFT_VERSION = 5.0;
				TARGETED_DEVICE_FAMILY = "1,2";
				TEST_HOST = "$(BUILT_PRODUCTS_DIR)/tabBar App.app/tabBar App";
			};
			name = Release;
		};
		8A4BF5FD22F138BB00E804A1 /* Debug */ = {
			isa = XCBuildConfiguration;
			buildSettings = {
				ALWAYS_EMBED_SWIFT_STANDARD_LIBRARIES = YES;
				CODE_SIGN_STYLE = Automatic;
				INFOPLIST_FILE = "tabBar AppUITests/Info.plist";
				LD_RUNPATH_SEARCH_PATHS = (
					"$(inherited)",
					"@executable_path/Frameworks",
					"@loader_path/Frameworks",
				);
				PRODUCT_BUNDLE_IDENTIFIER = "FCI.tabBar-AppUITests";
				PRODUCT_NAME = "$(TARGET_NAME)";
				SWIFT_VERSION = 5.0;
				TARGETED_DEVICE_FAMILY = "1,2";
				TEST_TARGET_NAME = "tabBar App";
			};
			name = Debug;
		};
		8A4BF5FE22F138BB00E804A1 /* Release */ = {
			isa = XCBuildConfiguration;
			buildSettings = {
				ALWAYS_EMBED_SWIFT_STANDARD_LIBRARIES = YES;
				CODE_SIGN_STYLE = Automatic;
				INFOPLIST_FILE = "tabBar AppUITests/Info.plist";
				LD_RUNPATH_SEARCH_PATHS = (
					"$(inherited)",
					"@executable_path/Frameworks",
					"@loader_path/Frameworks",
				);
				PRODUCT_BUNDLE_IDENTIFIER = "FCI.tabBar-AppUITests";
				PRODUCT_NAME = "$(TARGET_NAME)";
				SWIFT_VERSION = 5.0;
				TARGETED_DEVICE_FAMILY = "1,2";
				TEST_TARGET_NAME = "tabBar App";
			};
			name = Release;
		};
/* End XCBuildConfiguration section */

/* Begin XCConfigurationList section */
		8A4BF5C622F138B800E804A1 /* Build configuration list for PBXProject "tabBar App" */ = {
			isa = XCConfigurationList;
			buildConfigurations = (
				8A4BF5F422F138BB00E804A1 /* Debug */,
				8A4BF5F522F138BB00E804A1 /* Release */,
			);
			defaultConfigurationIsVisible = 0;
			defaultConfigurationName = Release;
		};
		8A4BF5F622F138BB00E804A1 /* Build configuration list for PBXNativeTarget "tabBar App" */ = {
			isa = XCConfigurationList;
			buildConfigurations = (
				8A4BF5F722F138BB00E804A1 /* Debug */,
				8A4BF5F822F138BB00E804A1 /* Release */,
			);
			defaultConfigurationIsVisible = 0;
			defaultConfigurationName = Release;
		};
		8A4BF5F922F138BB00E804A1 /* Build configuration list for PBXNativeTarget "tabBar AppTests" */ = {
			isa = XCConfigurationList;
			buildConfigurations = (
				8A4BF5FA22F138BB00E804A1 /* Debug */,
				8A4BF5FB22F138BB00E804A1 /* Release */,
			);
			defaultConfigurationIsVisible = 0;
			defaultConfigurationName = Release;
		};
		8A4BF5FC22F138BB00E804A1 /* Build configuration list for PBXNativeTarget "tabBar AppUITests" */ = {
			isa = XCConfigurationList;
			buildConfigurations = (
				8A4BF5FD22F138BB00E804A1 /* Debug */,
				8A4BF5FE22F138BB00E804A1 /* Release */,
			);
			defaultConfigurationIsVisible = 0;
			defaultConfigurationName = Release;
		};
/* End XCConfigurationList section */

/* Begin XCVersionGroup section */
		8A4BF5D522F138B800E804A1 /* tabBar_App.xcdatamodeld */ = {
			isa = XCVersionGroup;
			children = (
				8A4BF5D622F138B800E804A1 /* tabBar_App.xcdatamodel */,
			);
			currentVersion = 8A4BF5D622F138B800E804A1 /* tabBar_App.xcdatamodel */;
			path = tabBar_App.xcdatamodeld;
			sourceTree = "<group>";
			versionGroupType = wrapper.xcdatamodel;
		};
/* End XCVersionGroup section */
	};
	rootObject = 8A4BF5C322F138B800E804A1 /* Project object */;
}
